Microsoft Visual Studio Solution File, Format Version 11.00
# Visual Studio 2010
Project("{F184B08F-C81C-45F6-A57F-5ABD9991F28F}") = "DXChartVizualizer", "DXChartVizualizer\DXChartVizualizer.vbproj", "{726FF284-9A41-4B43-B13C-F86672502D44}"
EndProject
Project("{F184B08F-C81C-45F6-A57F-5ABD9991F28F}") = "DXChartVizualizer.Test", "DXChartVizualizer.Test\DXChartVizualizer.Test.vbproj", "{FA9CE7C5-5B90-4738-9355-6AE6CDC3E352}"
	ProjectSection(ProjectDependencies) = postProject
		{726FF284-9A41-4B43-B13C-F86672502D44} = {726FF284-9A41-4B43-B13C-F86672502D44}
	EndProjectSection
EndProject
Global
	GlobalSection(SolutionConfigurationPlatforms) = preSolution
		Debug|Any CPU = Debug|Any CPU
		Release|Any CPU = Release|Any CPU
	EndGlobalSection
	GlobalSection(ProjectConfigurationPlatforms) = postSolution
		{726FF284-9A41-4B43-B13C-F86672502D44}.Debug|Any CPU.ActiveCfg = Debug|Any CPU
		{726FF284-9A41-4B43-B13C-F86672502D44}.Debug|Any CPU.Build.0 = Debug|Any CPU
		{726FF284-9A41-4B43-B13C-F86672502D44}.Release|Any CPU.ActiveCfg = Release|Any CPU
		{726FF284-9A41-4B43-B13C-F86672502D44}.Release|Any CPU.Build.0 = Release|Any CPU
		{FA9CE7C5-5B90-4738-9355-6AE6CDC3E352}.Debug|Any CPU.ActiveCfg = Debug|Any CPU
		{FA9CE7C5-5B90-4738-9355-6AE6CDC3E352}.Debug|Any CPU.Build.0 = Debug|Any CPU
		{FA9CE7C5-5B90-4738-9355-6AE6CDC3E352}.Release|Any CPU.ActiveCfg = Release|Any CPU
		{FA9CE7C5-5B90-4738-9355-6AE6CDC3E352}.Release|Any CPU.Build.0 = Release|Any CPU
	EndGlobalSection
	GlobalSection(SolutionProperties) = preSolution
		HideSolutionNode = FALSE
	EndGlobalSection
EndGlobal
